{
  "name": "cs3219-project-ay2223s1-g33-tools",
  "version": "1.0.0",
  "lockfileVersion": 2,
  "requires": true,
  "packages": {
    "": {
      "name": "cs3219-project-ay2223s1-g33-tools",
      "version": "1.0.0",
      "license": "ISC",
      "dependencies": {
        "@protobuf-ts/plugin": "^2.8.0"
      }
    },
    "node_modules/@protobuf-ts/plugin": {
      "version": "2.8.0",
      "resolved": "https://registry.npmjs.org/@protobuf-ts/plugin/-/plugin-2.8.0.tgz",
      "integrity": "sha512-Jcl70WPVZdIYnLtjz7uoANzAPIN2awHUV1NfXXK2ZIkha+cPaP1IwETq38N1o1q7hvVC8uWhbJ2kqTcmvQWFPg==",
      "dependencies": {
        "@protobuf-ts/plugin-framework": "^2.8.0",
        "@protobuf-ts/protoc": "^2.8.0",
        "@protobuf-ts/runtime": "^2.8.0",
        "@protobuf-ts/runtime-rpc": "^2.8.0",
        "typescript": "^3.9"
      },
      "bin": {
        "protoc-gen-dump": "bin/protoc-gen-dump",
        "protoc-gen-ts": "bin/protoc-gen-ts"
      }
    },
    "node_modules/@protobuf-ts/plugin-framework": {
      "version": "2.8.0",
      "resolved": "https://registry.npmjs.org/@protobuf-ts/plugin-framework/-/plugin-framework-2.8.0.tgz",
      "integrity": "sha512-MjsV+gdcFUSIJ8NuogTGESbXbpp9C5ftUIMytWCWWYbkSEeWCKnl+CBrQDDHVWQ4hCwYKA2D6jdmFyOlAkrXqQ==",
      "dependencies": {
        "@protobuf-ts/runtime": "^2.8.0",
        "typescript": "^3.9"
      }
    },
    "node_modules/@protobuf-ts/protoc": {
      "version": "2.8.0",
      "resolved": "https://registry.npmjs.org/@protobuf-ts/protoc/-/protoc-2.8.0.tgz",
      "integrity": "sha512-x2NMHDmeJrk+rbfqLA9uWXIYXjUgL5Qoayu7DZcV16ILSjyi+31Nh/B1WH+tIih81KgPEq/G/i6bpCEeWsK/Yw==",
      "bin": {
        "protoc": "protoc.js"
      }
    },
    "node_modules/@protobuf-ts/runtime": {
      "version": "2.8.0",
      "resolved": "https://registry.npmjs.org/@protobuf-ts/runtime/-/runtime-2.8.0.tgz",
      "integrity": "sha512-70LH3oLG5E608jTP+v4nYyinvrpEgkGy0p8gJsog3fwlEuJgARldOQAk+ci5StZUOXHB7MVw0vZ/T0shqIe/pw=="
    },
    "node_modules/@protobuf-ts/runtime-rpc": {
      "version": "2.8.0",
      "resolved": "https://registry.npmjs.org/@protobuf-ts/runtime-rpc/-/runtime-rpc-2.8.0.tgz",
      "integrity": "sha512-B8pVorf2BvZZiCcX5paoYIKPDwkrdNP/pmJDKTIQ1D+6Yab1e6caW6vAU4RYJmb0McZBvNhSxvnkwAgPlKaFjw==",
      "dependencies": {
        "@protobuf-ts/runtime": "^2.8.0"
      }
    },
    "node_modules/typescript": {
      "version": "3.9.10",
      "resolved": "https://registry.npmjs.org/typescript/-/typescript-3.9.10.tgz",
      "integrity": "sha512-w6fIxVE/H1PkLKcCPsFqKE7Kv7QUwhU8qQY2MueZXWx5cPZdwFupLgKK3vntcK98BtNHZtAF4LA/yl2a7k8R6Q==",
      "bin": {
        "tsc": "bin/tsc",
        "tsserver": "bin/tsserver"
      },
      "engines": {
        "node": ">=4.2.0"
      }
    }
  },
  "dependencies": {
    "@protobuf-ts/plugin": {
      "version": "2.8.0",
      "resolved": "https://registry.npmjs.org/@protobuf-ts/plugin/-/plugin-2.8.0.tgz",
      "integrity": "sha512-Jcl70WPVZdIYnLtjz7uoANzAPIN2awHUV1NfXXK2ZIkha+cPaP1IwETq38N1o1q7hvVC8uWhbJ2kqTcmvQWFPg==",
      "requires": {
        "@protobuf-ts/plugin-framework": "^2.8.0",
        "@protobuf-ts/protoc": "^2.8.0",
        "@protobuf-ts/runtime": "^2.8.0",
        "@protobuf-ts/runtime-rpc": "^2.8.0",
        "typescript": "^3.9"
      }
    },
    "@protobuf-ts/plugin-framework": {
      "version": "2.8.0",
      "resolved": "https://registry.npmjs.org/@protobuf-ts/plugin-framework/-/plugin-framework-2.8.0.tgz",
      "integrity": "sha512-MjsV+gdcFUSIJ8NuogTGESbXbpp9C5ftUIMytWCWWYbkSEeWCKnl+CBrQDDHVWQ4hCwYKA2D6jdmFyOlAkrXqQ==",
      "requires": {
        "@protobuf-ts/runtime": "^2.8.0",
        "typescript": "^3.9"
      }
    },
    "@protobuf-ts/protoc": {
      "version": "2.8.0",
      "resolved": "https://registry.npmjs.org/@protobuf-ts/protoc/-/protoc-2.8.0.tgz",
      "integrity": "sha512-x2NMHDmeJrk+rbfqLA9uWXIYXjUgL5Qoayu7DZcV16ILSjyi+31Nh/B1WH+tIih81KgPEq/G/i6bpCEeWsK/Yw=="
    },
    "@protobuf-ts/runtime": {
      "version": "2.8.0",
      "resolved": "https://registry.npmjs.org/@protobuf-ts/runtime/-/runtime-2.8.0.tgz",
      "integrity": "sha512-70LH3oLG5E608jTP+v4nYyinvrpEgkGy0p8gJsog3fwlEuJgARldOQAk+ci5StZUOXHB7MVw0vZ/T0shqIe/pw=="
    },
    "@protobuf-ts/runtime-rpc": {
      "version": "2.8.0",
      "resolved": "https://registry.npmjs.org/@protobuf-ts/runtime-rpc/-/runtime-rpc-2.8.0.tgz",
      "integrity": "sha512-B8pVorf2BvZZiCcX5paoYIKPDwkrdNP/pmJDKTIQ1D+6Yab1e6caW6vAU4RYJmb0McZBvNhSxvnkwAgPlKaFjw==",
      "requires": {
        "@protobuf-ts/runtime": "^2.8.0"
      }
    },
    "typescript": {
      "version": "3.9.10",
      "resolved": "https://registry.npmjs.org/typescript/-/typescript-3.9.10.tgz",
      "integrity": "sha512-w6fIxVE/H1PkLKcCPsFqKE7Kv7QUwhU8qQY2MueZXWx5cPZdwFupLgKK3vntcK98BtNHZtAF4LA/yl2a7k8R6Q=="
    }
  }
}
